
Microsoft Visual Studio Solution File, Format Version 12.00
# Visual Studio Version 16
VisualStudioVersion = 16.0.32126.315
MinimumVisualStudioVersion = 10.0.40219.1
Project("{9A19103F-16F7-4668-BE54-9A1E7A4F7556}") = "TalepSistemi", "TalepSistemi\TalepSistemi.csproj", "{EA22D6DB-AF30-4129-9CFD-7A965B117ECB}"
EndProject
Project("{FAE04EC0-301F-11D3-BF4B-00C04F79EFBC}") = "Services", "Services\Services.csproj", "{FAF53CFB-1999-4445-870D-05D4EDCDD5EF}"
EndProject
Project("{FAE04EC0-301F-11D3-BF4B-00C04F79EFBC}") = "Core", "Core\Core.csproj", "{DAF2F408-D41A-42C8-9019-6F36F8A59B7A}"
EndProject
Global
	GlobalSection(SolutionConfigurationPlatforms) = preSolution
		Debug|Any CPU = Debug|Any CPU
		Release|Any CPU = Release|Any CPU
	EndGlobalSection
	GlobalSection(ProjectConfigurationPlatforms) = postSolution
		{EA22D6DB-AF30-4129-9CFD-7A965B117ECB}.Debug|Any CPU.ActiveCfg = Debug|Any CPU
		{EA22D6DB-AF30-4129-9CFD-7A965B117ECB}.Debug|Any CPU.Build.0 = Debug|Any CPU
		{EA22D6DB-AF30-4129-9CFD-7A965B117ECB}.Release|Any CPU.ActiveCfg = Release|Any CPU
		{EA22D6DB-AF30-4129-9CFD-7A965B117ECB}.Release|Any CPU.Build.0 = Release|Any CPU
		{FAF53CFB-1999-4445-870D-05D4EDCDD5EF}.Debug|Any CPU.ActiveCfg = Debug|Any CPU
		{FAF53CFB-1999-4445-870D-05D4EDCDD5EF}.Debug|Any CPU.Build.0 = Debug|Any CPU
		{FAF53CFB-1999-4445-870D-05D4EDCDD5EF}.Release|Any CPU.ActiveCfg = Release|Any CPU
		{FAF53CFB-1999-4445-870D-05D4EDCDD5EF}.Release|Any CPU.Build.0 = Release|Any CPU
		{DAF2F408-D41A-42C8-9019-6F36F8A59B7A}.Debug|Any CPU.ActiveCfg = Debug|Any CPU
		{DAF2F408-D41A-42C8-9019-6F36F8A59B7A}.Debug|Any CPU.Build.0 = Debug|Any CPU
		{DAF2F408-D41A-42C8-9019-6F36F8A59B7A}.Release|Any CPU.ActiveCfg = Release|Any CPU
		{DAF2F408-D41A-42C8-9019-6F36F8A59B7A}.Release|Any CPU.Build.0 = Release|Any CPU
	EndGlobalSection
	GlobalSection(SolutionProperties) = preSolution
		HideSolutionNode = FALSE
	EndGlobalSection
	GlobalSection(ExtensibilityGlobals) = postSolution
		SolutionGuid = {0E8229B2-F8BD-4128-8E07-58B5A1746305}
	EndGlobalSection
EndGlobal
